
Microsoft Visual Studio Solution File, Format Version 12.00
# Visual Studio 15
VisualStudioVersion = 15.0.27703.2042
MinimumVisualStudioVersion = 10.0.40219.1
Project("{FAE04EC0-301F-11D3-BF4B-00C04F79EFBC}") = "Pokemon", "Pokemon\Pokemon.csproj", "{EED2695E-F9B8-4CC3-9992-4A2388041652}"
EndProject
Global
	GlobalSection(SolutionConfigurationPlatforms) = preSolution
		Debug|Any CPU = Debug|Any CPU
		Release|Any CPU = Release|Any CPU
	EndGlobalSection
	GlobalSection(ProjectConfigurationPlatforms) = postSolution
		{EED2695E-F9B8-4CC3-9992-4A2388041652}.Debug|Any CPU.ActiveCfg = Debug|Any CPU
		{EED2695E-F9B8-4CC3-9992-4A2388041652}.Debug|Any CPU.Build.0 = Debug|Any CPU
		{EED2695E-F9B8-4CC3-9992-4A2388041652}.Release|Any CPU.ActiveCfg = Release|Any CPU
		{EED2695E-F9B8-4CC3-9992-4A2388041652}.Release|Any CPU.Build.0 = Release|Any CPU
	EndGlobalSection
	GlobalSection(SolutionProperties) = preSolution
		HideSolutionNode = FALSE
	EndGlobalSection
	GlobalSection(ExtensibilityGlobals) = postSolution
		SolutionGuid = {1E3FCAF1-2E70-4580-9768-707E2F011D44}
	EndGlobalSection
EndGlobal
